
Microsoft Visual Studio Solution File, Format Version 12.00
# Visual Studio Version 17
VisualStudioVersion = 17.11.35327.3
MinimumVisualStudioVersion = 10.0.40219.1
Project("{FAE04EC0-301F-11D3-BF4B-00C04F79EFBC}") = "LitGroundStorageLib", "LitGroundStorageLib\LitGroundStorageLib.csproj", "{2C5ABE47-B156-488F-BF62-AF2E01DFFA62}"
EndProject
Project("{FAE04EC0-301F-11D3-BF4B-00C04F79EFBC}") = "CakeBuild", "ZZCakeBuild\CakeBuild.csproj", "{F19F5A44-1918-4B48-943A-7A90FB0240D8}"
EndProject
Global
	GlobalSection(SolutionConfigurationPlatforms) = preSolution
		Debug|Any CPU = Debug|Any CPU
		Release|Any CPU = Release|Any CPU
	EndGlobalSection
	GlobalSection(ProjectConfigurationPlatforms) = postSolution
		{2C5ABE47-B156-488F-BF62-AF2E01DFFA62}.Debug|Any CPU.ActiveCfg = Debug|Any CPU
		{2C5ABE47-B156-488F-BF62-AF2E01DFFA62}.Debug|Any CPU.Build.0 = Debug|Any CPU
		{2C5ABE47-B156-488F-BF62-AF2E01DFFA62}.Release|Any CPU.ActiveCfg = Release|Any CPU
		{2C5ABE47-B156-488F-BF62-AF2E01DFFA62}.Release|Any CPU.Build.0 = Release|Any CPU
		{F19F5A44-1918-4B48-943A-7A90FB0240D8}.Debug|Any CPU.ActiveCfg = Debug|Any CPU
		{F19F5A44-1918-4B48-943A-7A90FB0240D8}.Debug|Any CPU.Build.0 = Debug|Any CPU
		{F19F5A44-1918-4B48-943A-7A90FB0240D8}.Release|Any CPU.ActiveCfg = Release|Any CPU
		{F19F5A44-1918-4B48-943A-7A90FB0240D8}.Release|Any CPU.Build.0 = Release|Any CPU
	EndGlobalSection
	GlobalSection(SolutionProperties) = preSolution
		HideSolutionNode = FALSE
	EndGlobalSection
	GlobalSection(ExtensibilityGlobals) = postSolution
		SolutionGuid = {19ABE5CB-7F79-4A8C-831F-C0A4BB05BA7B}
	EndGlobalSection
EndGlobal
